
Microsoft Visual Studio Solution File, Format Version 12.00
# Visual Studio Version 17
VisualStudioVersion = 17.7.34031.279
MinimumVisualStudioVersion = 10.0.40219.1
Project("{FAE04EC0-301F-11D3-BF4B-00C04F79EFBC}") = "gestorCapas", "gestorCapas.csproj", "{8136C92E-2C4C-47B3-8B79-8C11B644D835}"
EndProject
Global
	GlobalSection(SolutionConfigurationPlatforms) = preSolution
		Debug|Any CPU = Debug|Any CPU
		Release|Any CPU = Release|Any CPU
	EndGlobalSection
	GlobalSection(ProjectConfigurationPlatforms) = postSolution
		{8136C92E-2C4C-47B3-8B79-8C11B644D835}.Debug|Any CPU.ActiveCfg = Debug|Any CPU
		{8136C92E-2C4C-47B3-8B79-8C11B644D835}.Debug|Any CPU.Build.0 = Debug|Any CPU
		{8136C92E-2C4C-47B3-8B79-8C11B644D835}.Release|Any CPU.ActiveCfg = Release|Any CPU
		{8136C92E-2C4C-47B3-8B79-8C11B644D835}.Release|Any CPU.Build.0 = Release|Any CPU
	EndGlobalSection
	GlobalSection(SolutionProperties) = preSolution
		HideSolutionNode = FALSE
	EndGlobalSection
	GlobalSection(ExtensibilityGlobals) = postSolution
		SolutionGuid = {72A182D9-3D16-4B8C-9DDB-168C2EEF941A}
	EndGlobalSection
EndGlobal
